{
  "name": "forge-starter",
  "version": "1.0.0",
  "lockfileVersion": 3,
  "requires": true,
  "packages": {
    "": {
      "name": "forge-starter",
      "version": "1.0.0",
      "license": "MIT",
      "dependencies": {
        "@thirdweb-dev/contracts": "^3"
      }
    },
    "node_modules/@thirdweb-dev/contracts": {
      "version": "3.6.2",
      "resolved": "https://registry.npmjs.org/@thirdweb-dev/contracts/-/contracts-3.6.2.tgz",
      "integrity": "sha512-CuloKryXukW+eokxdaZry3058nsQr0+KVuIBJgZzECkgkPFfaqPhiHjMtSkdFxKZsFwl9unHpBXma+hrcofZgA=="
    }
  }
}
